
Microsoft Visual Studio Solution File, Format Version 12.00
# Visual Studio Version 17
VisualStudioVersion = 17.14.36623.8
MinimumVisualStudioVersion = 10.0.40219.1
Project("{FAE04EC0-301F-11D3-BF4B-00C04F79EFBC}") = "DeadLockExample", "DeadLockExample\DeadLockExample.csproj", "{7889A84C-18CB-45F9-A851-5D9A77ECB7AA}"
EndProject
Global
	GlobalSection(SolutionConfigurationPlatforms) = preSolution
		Debug|Any CPU = Debug|Any CPU
		Release|Any CPU = Release|Any CPU
	EndGlobalSection
	GlobalSection(ProjectConfigurationPlatforms) = postSolution
		{7889A84C-18CB-45F9-A851-5D9A77ECB7AA}.Debug|Any CPU.ActiveCfg = Debug|Any CPU
		{7889A84C-18CB-45F9-A851-5D9A77ECB7AA}.Debug|Any CPU.Build.0 = Debug|Any CPU
		{7889A84C-18CB-45F9-A851-5D9A77ECB7AA}.Release|Any CPU.ActiveCfg = Release|Any CPU
		{7889A84C-18CB-45F9-A851-5D9A77ECB7AA}.Release|Any CPU.Build.0 = Release|Any CPU
	EndGlobalSection
	GlobalSection(SolutionProperties) = preSolution
		HideSolutionNode = FALSE
	EndGlobalSection
	GlobalSection(ExtensibilityGlobals) = postSolution
		SolutionGuid = {62EA9339-243A-4379-9371-C1E94B276A28}
	EndGlobalSection
EndGlobal
